
Microsoft Visual Studio Solution File, Format Version 12.00
# Visual Studio Version 17
VisualStudioVersion = 17.0.31410.414
MinimumVisualStudioVersion = 10.0.40219.1
Project("{9A19103F-16F7-4668-BE54-9A1E7A4F7556}") = "ElasticsearchExamples", "ElasticsearchExamples\ElasticsearchExamples.csproj", "{3FFD1F83-C8A8-4AFC-9CEA-2ACA151A93FC}"
EndProject
Global
	GlobalSection(SolutionConfigurationPlatforms) = preSolution
		Debug|Any CPU = Debug|Any CPU
		Release|Any CPU = Release|Any CPU
	EndGlobalSection
	GlobalSection(ProjectConfigurationPlatforms) = postSolution
		{3FFD1F83-C8A8-4AFC-9CEA-2ACA151A93FC}.Debug|Any CPU.ActiveCfg = Debug|Any CPU
		{3FFD1F83-C8A8-4AFC-9CEA-2ACA151A93FC}.Debug|Any CPU.Build.0 = Debug|Any CPU
		{3FFD1F83-C8A8-4AFC-9CEA-2ACA151A93FC}.Release|Any CPU.ActiveCfg = Release|Any CPU
		{3FFD1F83-C8A8-4AFC-9CEA-2ACA151A93FC}.Release|Any CPU.Build.0 = Release|Any CPU
	EndGlobalSection
	GlobalSection(SolutionProperties) = preSolution
		HideSolutionNode = FALSE
	EndGlobalSection
	GlobalSection(ExtensibilityGlobals) = postSolution
		SolutionGuid = {57B972D5-6944-4782-894B-8BF4687111EF}
	EndGlobalSection
EndGlobal
